# @generated - this file is auto-generated by `mise lock` https://mise.en.dev/dev-tools/mise-lock.html

[conda-packages.linux-arm64."_openmp_mutex-4.5-20_gnu"]
url = "https://conda.anaconda.org/conda-forge/linux-aarch64/_openmp_mutex-4.5-20_gnu.conda"
checksum = "sha256:a2527b1d81792a0ccd2c05850960df119c2b6d8f5fdec97f2db7d25dc23b1068"

[conda-packages.linux-arm64."libgcc-15.2.0-h8acb6b2_18"]
url = "https://conda.anaconda.org/conda-forge/linux-aarch64/libgcc-15.2.0-h8acb6b2_18.conda"
checksum = "sha256:43df385bedc1cab11993c4369e1f3b04b4ca5d0ea16cba6a0e7f18dbc129fcc9"

[conda-packages.linux-arm64."libgomp-15.2.0-h8acb6b2_18"]
url = "https://conda.anaconda.org/conda-forge/linux-aarch64/libgomp-15.2.0-h8acb6b2_18.conda"
checksum = "sha256:fc716f11a6a8525e27a5d332ef6a689210b0d2a4dd1133edc0f530659aa9faa6"

[conda-packages.linux-arm64."libsqlite-3.53.0-h022381a_0"]
url = "https://conda.anaconda.org/conda-forge/linux-aarch64/libsqlite-3.53.0-h022381a_0.conda"
checksum = "sha256:2cc87e1394245188dd7c2c621f14ad0d15910d842e3541e8a571dc94d222ce75"

[conda-packages.linux-arm64."libzlib-1.3.2-hdc9db2a_2"]
url = "https://conda.anaconda.org/conda-forge/linux-aarch64/libzlib-1.3.2-hdc9db2a_2.conda"
checksum = "sha256:eb111e32e5a7313a5bf799c7fb2419051fa2fe7eff74769fac8d5a448b309f7f"

[conda-packages.linux-arm64."ncurses-6.6-hf8d1292_0"]
url = "https://conda.anaconda.org/conda-forge/linux-aarch64/ncurses-6.6-hf8d1292_0.conda"
checksum = "sha256:369db85c5cd8d99dde364ce70725d76511d9c8199e5b820c740414091bf5bcca"

[conda-packages.linux-arm64."readline-8.3-hb682ff5_0"]
url = "https://conda.anaconda.org/conda-forge/linux-aarch64/readline-8.3-hb682ff5_0.conda"
checksum = "sha256:fe695f9d215e9a2e3dd0ca7f56435ab4df24f5504b83865e3d295df36e88d216"

[conda-packages.linux-arm64-musl."_openmp_mutex-4.5-20_gnu"]
url = "https://conda.anaconda.org/conda-forge/linux-aarch64/_openmp_mutex-4.5-20_gnu.conda"
checksum = "sha256:a2527b1d81792a0ccd2c05850960df119c2b6d8f5fdec97f2db7d25dc23b1068"

[conda-packages.linux-arm64-musl."libgcc-15.2.0-h8acb6b2_18"]
url = "https://conda.anaconda.org/conda-forge/linux-aarch64/libgcc-15.2.0-h8acb6b2_18.conda"
checksum = "sha256:43df385bedc1cab11993c4369e1f3b04b4ca5d0ea16cba6a0e7f18dbc129fcc9"

[conda-packages.linux-arm64-musl."libgomp-15.2.0-h8acb6b2_18"]
url = "https://conda.anaconda.org/conda-forge/linux-aarch64/libgomp-15.2.0-h8acb6b2_18.conda"
checksum = "sha256:fc716f11a6a8525e27a5d332ef6a689210b0d2a4dd1133edc0f530659aa9faa6"

[conda-packages.linux-arm64-musl."libsqlite-3.53.0-h022381a_0"]
url = "https://conda.anaconda.org/conda-forge/linux-aarch64/libsqlite-3.53.0-h022381a_0.conda"
checksum = "sha256:2cc87e1394245188dd7c2c621f14ad0d15910d842e3541e8a571dc94d222ce75"

[conda-packages.linux-arm64-musl."libzlib-1.3.2-hdc9db2a_2"]
url = "https://conda.anaconda.org/conda-forge/linux-aarch64/libzlib-1.3.2-hdc9db2a_2.conda"
checksum = "sha256:eb111e32e5a7313a5bf799c7fb2419051fa2fe7eff74769fac8d5a448b309f7f"

[conda-packages.linux-arm64-musl."ncurses-6.6-hf8d1292_0"]
url = "https://conda.anaconda.org/conda-forge/linux-aarch64/ncurses-6.6-hf8d1292_0.conda"
checksum = "sha256:369db85c5cd8d99dde364ce70725d76511d9c8199e5b820c740414091bf5bcca"

[conda-packages.linux-arm64-musl."readline-8.3-hb682ff5_0"]
url = "https://conda.anaconda.org/conda-forge/linux-aarch64/readline-8.3-hb682ff5_0.conda"
checksum = "sha256:fe695f9d215e9a2e3dd0ca7f56435ab4df24f5504b83865e3d295df36e88d216"

[conda-packages.linux-x64."_openmp_mutex-4.5-20_gnu"]
url = "https://conda.anaconda.org/conda-forge/linux-64/_openmp_mutex-4.5-20_gnu.conda"
checksum = "sha256:1dd3fffd892081df9726d7eb7e0dea6198962ba775bd88842135a4ddb4deb3c9"

[conda-packages.linux-x64."icu-78.3-h33c6efd_0"]
url = "https://conda.anaconda.org/conda-forge/linux-64/icu-78.3-h33c6efd_0.conda"
checksum = "sha256:fbf86c4a59c2ed05bbffb2ba25c7ed94f6185ec30ecb691615d42342baa1a16a"

[conda-packages.linux-x64."libgcc-15.2.0-he0feb66_18"]
url = "https://conda.anaconda.org/conda-forge/linux-64/libgcc-15.2.0-he0feb66_18.conda"
checksum = "sha256:faf7d2017b4d718951e3a59d081eb09759152f93038479b768e3d612688f83f5"

[conda-packages.linux-x64."libgomp-15.2.0-he0feb66_18"]
url = "https://conda.anaconda.org/conda-forge/linux-64/libgomp-15.2.0-he0feb66_18.conda"
checksum = "sha256:21337ab58e5e0649d869ab168d4e609b033509de22521de1bfed0c031bfc5110"

[conda-packages.linux-x64."libsqlite-3.53.0-hf4e2dac_0"]
url = "https://conda.anaconda.org/conda-forge/linux-64/libsqlite-3.53.0-hf4e2dac_0.conda"
checksum = "sha256:ec37c79f737933bbac965f5dc0f08ef2790247129a84bb3114fad4900adce401"

[conda-packages.linux-x64."libstdcxx-15.2.0-h934c35e_18"]
url = "https://conda.anaconda.org/conda-forge/linux-64/libstdcxx-15.2.0-h934c35e_18.conda"
checksum = "sha256:78668020064fdaa27e9ab65cd2997e2c837b564ab26ce3bf0e58a2ce1a525c6e"

[conda-packages.linux-x64."libzlib-1.3.2-h25fd6f3_2"]
url = "https://conda.anaconda.org/conda-forge/linux-64/libzlib-1.3.2-h25fd6f3_2.conda"
checksum = "sha256:55044c403570f0dc26e6364de4dc5368e5f3fc7ff103e867c487e2b5ab2bcda9"

[conda-packages.linux-x64."ncurses-6.6-hdb14827_0"]
url = "https://conda.anaconda.org/conda-forge/linux-64/ncurses-6.6-hdb14827_0.conda"
checksum = "sha256:fc89f74bbe362fb29fa3c037697a89bec140b346a2469a90f7936d1d7ea4d8a3"

[conda-packages.linux-x64."readline-8.3-h853b02a_0"]
url = "https://conda.anaconda.org/conda-forge/linux-64/readline-8.3-h853b02a_0.conda"
checksum = "sha256:12ffde5a6f958e285aa22c191ca01bbd3d6e710aa852e00618fa6ddc59149002"

[conda-packages.linux-x64-musl."_openmp_mutex-4.5-20_gnu"]
url = "https://conda.anaconda.org/conda-forge/linux-64/_openmp_mutex-4.5-20_gnu.conda"
checksum = "sha256:1dd3fffd892081df9726d7eb7e0dea6198962ba775bd88842135a4ddb4deb3c9"

[conda-packages.linux-x64-musl."icu-78.3-h33c6efd_0"]
url = "https://conda.anaconda.org/conda-forge/linux-64/icu-78.3-h33c6efd_0.conda"
checksum = "sha256:fbf86c4a59c2ed05bbffb2ba25c7ed94f6185ec30ecb691615d42342baa1a16a"

[conda-packages.linux-x64-musl."libgcc-15.2.0-he0feb66_18"]
url = "https://conda.anaconda.org/conda-forge/linux-64/libgcc-15.2.0-he0feb66_18.conda"
checksum = "sha256:faf7d2017b4d718951e3a59d081eb09759152f93038479b768e3d612688f83f5"

[conda-packages.linux-x64-musl."libgomp-15.2.0-he0feb66_18"]
url = "https://conda.anaconda.org/conda-forge/linux-64/libgomp-15.2.0-he0feb66_18.conda"
checksum = "sha256:21337ab58e5e0649d869ab168d4e609b033509de22521de1bfed0c031bfc5110"

[conda-packages.linux-x64-musl."libsqlite-3.53.0-hf4e2dac_0"]
url = "https://conda.anaconda.org/conda-forge/linux-64/libsqlite-3.53.0-hf4e2dac_0.conda"
checksum = "sha256:ec37c79f737933bbac965f5dc0f08ef2790247129a84bb3114fad4900adce401"

[conda-packages.linux-x64-musl."libstdcxx-15.2.0-h934c35e_18"]
url = "https://conda.anaconda.org/conda-forge/linux-64/libstdcxx-15.2.0-h934c35e_18.conda"
checksum = "sha256:78668020064fdaa27e9ab65cd2997e2c837b564ab26ce3bf0e58a2ce1a525c6e"

[conda-packages.linux-x64-musl."libzlib-1.3.2-h25fd6f3_2"]
url = "https://conda.anaconda.org/conda-forge/linux-64/libzlib-1.3.2-h25fd6f3_2.conda"
checksum = "sha256:55044c403570f0dc26e6364de4dc5368e5f3fc7ff103e867c487e2b5ab2bcda9"

[conda-packages.linux-x64-musl."ncurses-6.6-hdb14827_0"]
url = "https://conda.anaconda.org/conda-forge/linux-64/ncurses-6.6-hdb14827_0.conda"
checksum = "sha256:fc89f74bbe362fb29fa3c037697a89bec140b346a2469a90f7936d1d7ea4d8a3"

[conda-packages.linux-x64-musl."readline-8.3-h853b02a_0"]
url = "https://conda.anaconda.org/conda-forge/linux-64/readline-8.3-h853b02a_0.conda"
checksum = "sha256:12ffde5a6f958e285aa22c191ca01bbd3d6e710aa852e00618fa6ddc59149002"

[conda-packages.windows-x64."libsqlite-3.53.0-hf5d6505_0"]
url = "https://conda.anaconda.org/conda-forge/win-64/libsqlite-3.53.0-hf5d6505_0.conda"
checksum = "sha256:7a6256ea136936df4c4f3b227ba1e273b7d61152f9811b52157af497f07640b0"

[conda-packages.windows-x64."ucrt-10.0.26100.0-h57928b3_0"]
url = "https://conda.anaconda.org/conda-forge/win-64/ucrt-10.0.26100.0-h57928b3_0.conda"
checksum = "sha256:3005729dce6f3d3f5ec91dfc49fc75a0095f9cd23bab49efb899657297ac91a5"

[conda-packages.windows-x64."vc-14.3-h41ae7f8_34"]
url = "https://conda.anaconda.org/conda-forge/win-64/vc-14.3-h41ae7f8_34.conda"
checksum = "sha256:9dc40c2610a6e6727d635c62cced5ef30b7b30123f5ef67d6139e23d21744b3a"

[conda-packages.windows-x64."vc14_runtime-14.44.35208-h818238b_34"]
url = "https://conda.anaconda.org/conda-forge/win-64/vc14_runtime-14.44.35208-h818238b_34.conda"
checksum = "sha256:02732f953292cce179de9b633e74928037fa3741eb5ef91c3f8bae4f761d32a5"

[conda-packages.windows-x64."vcomp14-14.44.35208-h818238b_34"]
url = "https://conda.anaconda.org/conda-forge/win-64/vcomp14-14.44.35208-h818238b_34.conda"
checksum = "sha256:878d5d10318b119bd98ed3ed874bd467acbe21996e1d81597a1dbf8030ea0ce6"

[[tools.cargo-binstall]]
version = "1.19.0"
backend = "aqua:cargo-bins/cargo-binstall"

[tools.cargo-binstall."platforms.linux-arm64"]
checksum = "sha256:57148539e6160789715745e6f50e0aac9193636df42bd9b4554cd9012195866c"
url = "https://github.com/cargo-bins/cargo-binstall/releases/download/v1.19.0/cargo-binstall-aarch64-unknown-linux-musl.tgz"

[tools.cargo-binstall."platforms.linux-arm64-musl"]
checksum = "sha256:57148539e6160789715745e6f50e0aac9193636df42bd9b4554cd9012195866c"
url = "https://github.com/cargo-bins/cargo-binstall/releases/download/v1.19.0/cargo-binstall-aarch64-unknown-linux-musl.tgz"

[tools.cargo-binstall."platforms.linux-x64"]
checksum = "sha256:a7a4271099ce891368bc544d3f89315f12547df653ba16de2030461e8867edd6"
url = "https://github.com/cargo-bins/cargo-binstall/releases/download/v1.19.0/cargo-binstall-x86_64-unknown-linux-musl.tgz"

[tools.cargo-binstall."platforms.linux-x64-musl"]
checksum = "sha256:a7a4271099ce891368bc544d3f89315f12547df653ba16de2030461e8867edd6"
url = "https://github.com/cargo-bins/cargo-binstall/releases/download/v1.19.0/cargo-binstall-x86_64-unknown-linux-musl.tgz"

[tools.cargo-binstall."platforms.macos-arm64"]
checksum = "sha256:1208282e0719ae33fc1db20fe533a50827673d017fb85ed5dec0cb9b0c7ca569"
url = "https://github.com/cargo-bins/cargo-binstall/releases/download/v1.19.0/cargo-binstall-aarch64-apple-darwin.zip"

[tools.cargo-binstall."platforms.macos-x64"]
checksum = "sha256:289007dce39f181188b620c19783d3a0e8f37fb9e5d7c3ff1da9cfb9a2d8ecc3"
url = "https://github.com/cargo-bins/cargo-binstall/releases/download/v1.19.0/cargo-binstall-x86_64-apple-darwin.zip"

[tools.cargo-binstall."platforms.windows-x64"]
checksum = "sha256:1113c92eb53160c4e0c12dc803f582a266d26b26ca529520e104806cce8d0204"
url = "https://github.com/cargo-bins/cargo-binstall/releases/download/v1.19.0/cargo-binstall-x86_64-pc-windows-msvc.zip"

[[tools."cargo:bacon"]]
version = "3.22.0"
backend = "cargo:bacon"

[[tools."cargo:cargo-run-bin"]]
version = "1.7.5"
backend = "cargo:cargo-run-bin"

[[tools."cargo:sqlx-cli"]]
version = "0.8.6"
backend = "cargo:sqlx-cli"

[[tools."cargo:systemfd"]]
version = "0.4.6"
backend = "cargo:systemfd"

[[tools.rust]]
version = "1.95.0"
backend = "core:rust"

[[tools.rust-analyzer]]
version = "2026-05-04"
backend = "aqua:rust-lang/rust-analyzer"

[tools.rust-analyzer."platforms.linux-arm64"]
checksum = "sha256:eee311e65f5eefae9c7834c2e782c90557fee0883d3b9cc4f8fbcea5188240ec"
url = "https://github.com/rust-lang/rust-analyzer/releases/download/2026-05-04/rust-analyzer-aarch64-unknown-linux-gnu.gz"

[tools.rust-analyzer."platforms.linux-x64"]
checksum = "sha256:c292b81c42637cb4ec92d9e54e1c7da0a40a85ef5121dd602344d44ccd60f779"
url = "https://github.com/rust-lang/rust-analyzer/releases/download/2026-05-04/rust-analyzer-x86_64-unknown-linux-gnu.gz"

[tools.rust-analyzer."platforms.linux-x64-musl"]
checksum = "sha256:9ca9e478cb79e231e9f0f62e9e495abd36acd917eff805e9fd8c502caf6973a1"
url = "https://github.com/rust-lang/rust-analyzer/releases/download/2026-05-04/rust-analyzer-x86_64-unknown-linux-musl.gz"

[tools.rust-analyzer."platforms.macos-arm64"]
checksum = "sha256:7b3689e7fc10c245313e06e6384fd4d0d8f15e19824f55554875c2b51ef3b9cf"
url = "https://github.com/rust-lang/rust-analyzer/releases/download/2026-05-04/rust-analyzer-aarch64-apple-darwin.gz"

[tools.rust-analyzer."platforms.macos-x64"]
checksum = "sha256:a5e83889039974c9b10b97794e2dbb11613a60bb4610859925e232b2855bc86f"
url = "https://github.com/rust-lang/rust-analyzer/releases/download/2026-05-04/rust-analyzer-x86_64-apple-darwin.gz"

[tools.rust-analyzer."platforms.windows-x64"]
checksum = "sha256:a9703da68a13ca5a4fab7dbcd4d3cc868fad52725fa819b1b9f8d92a7196bc84"
url = "https://github.com/rust-lang/rust-analyzer/releases/download/2026-05-04/rust-analyzer-x86_64-pc-windows-msvc.zip"

[[tools.sqlite]]
version = "3.53.0"
backend = "conda:sqlite"

[tools.sqlite."platforms.linux-arm64"]
checksum = "sha256:ed918d33e068538d94e46f853441673b3b67f08f882ca7fba90288e7c34e83ff"
url = "https://conda.anaconda.org/conda-forge/linux-aarch64/sqlite-3.53.0-he8854b5_0.conda"
conda_deps = [
    "readline-8.3-hb682ff5_0",
    "libzlib-1.3.2-hdc9db2a_2",
    "libsqlite-3.53.0-h022381a_0",
    "libgcc-15.2.0-h8acb6b2_18",
    "ncurses-6.6-hf8d1292_0",
    "_openmp_mutex-4.5-20_gnu",
    "libgomp-15.2.0-h8acb6b2_18",
]

[tools.sqlite."platforms.linux-arm64-musl"]
checksum = "sha256:ed918d33e068538d94e46f853441673b3b67f08f882ca7fba90288e7c34e83ff"
url = "https://conda.anaconda.org/conda-forge/linux-aarch64/sqlite-3.53.0-he8854b5_0.conda"
conda_deps = [
    "readline-8.3-hb682ff5_0",
    "libzlib-1.3.2-hdc9db2a_2",
    "libsqlite-3.53.0-h022381a_0",
    "libgcc-15.2.0-h8acb6b2_18",
    "ncurses-6.6-hf8d1292_0",
    "_openmp_mutex-4.5-20_gnu",
    "libgomp-15.2.0-h8acb6b2_18",
]

[tools.sqlite."platforms.linux-x64"]
checksum = "sha256:a0e35087ebf0720fa758cb261583bee0a328143238524ea47625b37108280291"
url = "https://conda.anaconda.org/conda-forge/linux-64/sqlite-3.53.0-h04a0ce9_0.conda"
conda_deps = [
    "readline-8.3-h853b02a_0",
    "libzlib-1.3.2-h25fd6f3_2",
    "libsqlite-3.53.0-hf4e2dac_0",
    "icu-78.3-h33c6efd_0",
    "libgcc-15.2.0-he0feb66_18",
    "libstdcxx-15.2.0-h934c35e_18",
    "ncurses-6.6-hdb14827_0",
    "_openmp_mutex-4.5-20_gnu",
    "libgomp-15.2.0-he0feb66_18",
]

[tools.sqlite."platforms.linux-x64-musl"]
checksum = "sha256:a0e35087ebf0720fa758cb261583bee0a328143238524ea47625b37108280291"
url = "https://conda.anaconda.org/conda-forge/linux-64/sqlite-3.53.0-h04a0ce9_0.conda"
conda_deps = [
    "readline-8.3-h853b02a_0",
    "libzlib-1.3.2-h25fd6f3_2",
    "libsqlite-3.53.0-hf4e2dac_0",
    "icu-78.3-h33c6efd_0",
    "libgcc-15.2.0-he0feb66_18",
    "libstdcxx-15.2.0-h934c35e_18",
    "ncurses-6.6-hdb14827_0",
    "_openmp_mutex-4.5-20_gnu",
    "libgomp-15.2.0-he0feb66_18",
]

[tools.sqlite."platforms.windows-x64"]
checksum = "sha256:fe0cc13be5e2236bf0607e6cbe934856fef0fb91e49142c02f17062369f3e0b6"
url = "https://conda.anaconda.org/conda-forge/win-64/sqlite-3.53.0-hdb435a2_0.conda"
conda_deps = [
    "libsqlite-3.53.0-hf5d6505_0",
    "ucrt-10.0.26100.0-h57928b3_0",
    "vc-14.3-h41ae7f8_34",
    "vc14_runtime-14.44.35208-h818238b_34",
    "vcomp14-14.44.35208-h818238b_34",
]

[[tools.tombi]]
version = "0.10.2"
backend = "aqua:tombi-toml/tombi"

[tools.tombi."platforms.linux-arm64"]
checksum = "sha256:9cb16ec45802bc84cb76bb955facb4f1c5de9bd36f349075765ed12d180ceccf"
url = "https://github.com/tombi-toml/tombi/releases/download/v0.10.2/tombi-cli-0.10.2-aarch64-unknown-linux-musl.tar.gz"

[tools.tombi."platforms.linux-arm64-musl"]
checksum = "sha256:9cb16ec45802bc84cb76bb955facb4f1c5de9bd36f349075765ed12d180ceccf"
url = "https://github.com/tombi-toml/tombi/releases/download/v0.10.2/tombi-cli-0.10.2-aarch64-unknown-linux-musl.tar.gz"

[tools.tombi."platforms.linux-x64"]
checksum = "sha256:c4268eaaea8a7eb23c8578b5d8976b2490e748670a3725db4f5e4352f9d3076c"
url = "https://github.com/tombi-toml/tombi/releases/download/v0.10.2/tombi-cli-0.10.2-x86_64-unknown-linux-musl.tar.gz"

[tools.tombi."platforms.linux-x64-musl"]
checksum = "sha256:c4268eaaea8a7eb23c8578b5d8976b2490e748670a3725db4f5e4352f9d3076c"
url = "https://github.com/tombi-toml/tombi/releases/download/v0.10.2/tombi-cli-0.10.2-x86_64-unknown-linux-musl.tar.gz"

[tools.tombi."platforms.macos-arm64"]
checksum = "sha256:e456b5518923f1c3b3b136aa92c57aa9ffc6f27d8ce155af337509d3f5a3a619"
url = "https://github.com/tombi-toml/tombi/releases/download/v0.10.2/tombi-cli-0.10.2-aarch64-apple-darwin.tar.gz"

[tools.tombi."platforms.macos-x64"]
checksum = "sha256:b3ed94dc4396f565728a7ccb08de466de13607b3f4e73741ab5a3d13571e46f7"
url = "https://github.com/tombi-toml/tombi/releases/download/v0.10.2/tombi-cli-0.10.2-x86_64-apple-darwin.tar.gz"

[tools.tombi."platforms.windows-x64"]
checksum = "sha256:8ecfb32d7fe90612a626a25500fa92a9b4e42dbad6a00f202849901a058dd6a7"
url = "https://github.com/tombi-toml/tombi/releases/download/v0.10.2/tombi-cli-0.10.2-x86_64-pc-windows-msvc.zip"

[[tools.watchexec]]
version = "2.5.1"
backend = "aqua:watchexec/watchexec"

[tools.watchexec."platforms.linux-arm64"]
checksum = "sha256:c073887583d502fa0b393a8b847bb4460a111b3b0a199d1f70dafd5d89e71a2f"
url = "https://github.com/watchexec/watchexec/releases/download/v2.5.1/watchexec-2.5.1-aarch64-unknown-linux-musl.tar.xz"

[tools.watchexec."platforms.linux-arm64-musl"]
checksum = "sha256:c073887583d502fa0b393a8b847bb4460a111b3b0a199d1f70dafd5d89e71a2f"
url = "https://github.com/watchexec/watchexec/releases/download/v2.5.1/watchexec-2.5.1-aarch64-unknown-linux-musl.tar.xz"

[tools.watchexec."platforms.linux-x64"]
checksum = "sha256:9efabd08de720c1ee7e57b487fe11904f0966828e76146e2b5ea5deee90626be"
url = "https://github.com/watchexec/watchexec/releases/download/v2.5.1/watchexec-2.5.1-x86_64-unknown-linux-musl.tar.xz"

[tools.watchexec."platforms.linux-x64-musl"]
checksum = "sha256:9efabd08de720c1ee7e57b487fe11904f0966828e76146e2b5ea5deee90626be"
url = "https://github.com/watchexec/watchexec/releases/download/v2.5.1/watchexec-2.5.1-x86_64-unknown-linux-musl.tar.xz"

[tools.watchexec."platforms.macos-arm64"]
checksum = "sha256:c5e405dd1109940b2510398d2182990c1be59063b94e11d7ace9c7b435cb1df1"
url = "https://github.com/watchexec/watchexec/releases/download/v2.5.1/watchexec-2.5.1-aarch64-apple-darwin.tar.xz"

[tools.watchexec."platforms.macos-x64"]
checksum = "sha256:bb74bf33286ff7f31dd8e763e017fbc0418360d88baefd35bc57d662d28394e2"
url = "https://github.com/watchexec/watchexec/releases/download/v2.5.1/watchexec-2.5.1-x86_64-apple-darwin.tar.xz"

[tools.watchexec."platforms.windows-x64"]
checksum = "sha256:aa448c2704ca1a37ce0f1fc75381d9a411946dd293cf6236293f549426a577f7"
url = "https://github.com/watchexec/watchexec/releases/download/v2.5.1/watchexec-2.5.1-x86_64-pc-windows-msvc.zip"
